{
  "name": "@scintilla-network/wallet",
  "version": "1.0.1",
  "lockfileVersion": 3,
  "requires": true,
  "packages": {
    "": {
      "name": "@scintilla-network/wallet",
      "version": "1.0.1",
      "license": "MIT",
      "dependencies": {
        "@scintilla-network/hashes": "1.3.1",
        "@scintilla-network/keys": "1.1.0",
        "@scintilla-network/mnemonic": "2.1.0"
      },
      "devDependencies": {
        "@scintilla-network/litest": "1.3.1"
      }
    },
    "node_modules/@noble/ciphers": {
      "version": "2.0.0",
      "resolved": "https://registry.npmjs.org/@noble/ciphers/-/ciphers-2.0.0.tgz",
      "integrity": "sha512-j/l6jpnpaIBM87cAYPJzi/6TgqmBv9spkqPyCXvRYsu5uxqh6tPJZDnD85yo8VWqzTuTQPgfv7NgT63u7kbwAQ==",
      "license": "MIT",
      "engines": {
        "node": ">= 20.19.0"
      },
      "funding": {
        "url": "https://paulmillr.com/funding/"
      }
    },
    "node_modules/@noble/post-quantum": {
      "version": "0.5.1",
      "resolved": "https://registry.npmjs.org/@noble/post-quantum/-/post-quantum-0.5.1.tgz",
      "integrity": "sha512-OABLmlDXCTy7DQYTgVUKsO+m4VTPedGxZXjK30+DG4Sc1LgRxvT9IcSAKgvta9LYiddYVjBT0/Fjkcbojqcl1g==",
      "license": "MIT",
      "dependencies": {
        "@noble/curves": "~2.0.0",
        "@noble/hashes": "~2.0.0"
      },
      "engines": {
        "node": ">= 20.19.0"
      },
      "funding": {
        "url": "https://paulmillr.com/funding/"
      }
    },
    "node_modules/@noble/post-quantum/node_modules/@noble/curves": {
      "version": "2.0.0",
      "resolved": "https://registry.npmjs.org/@noble/curves/-/curves-2.0.0.tgz",
      "integrity": "sha512-RiwZZeJnsTnhT+/gg2KvITJZhK5oagQrpZo+yQyd3mv3D5NAG2qEeEHpw7IkXRlpkoD45wl2o4ydHAvY9wyEfw==",
      "license": "MIT",
      "dependencies": {
        "@noble/hashes": "2.0.0"
      },
      "engines": {
        "node": ">= 20.19.0"
      },
      "funding": {
        "url": "https://paulmillr.com/funding/"
      }
    },
    "node_modules/@noble/post-quantum/node_modules/@noble/hashes": {
      "version": "2.0.0",
      "resolved": "https://registry.npmjs.org/@noble/hashes/-/hashes-2.0.0.tgz",
      "integrity": "sha512-h8VUBlE8R42+XIDO229cgisD287im3kdY6nbNZJFjc6ZvKIXPYXe6Vc/t+kyjFdMFyt5JpapzTsEg8n63w5/lw==",
      "license": "MIT",
      "engines": {
        "node": ">= 20.19.0"
      },
      "funding": {
        "url": "https://paulmillr.com/funding/"
      }
    },
    "node_modules/@scintilla-network/ciphers": {
      "version": "1.2.1",
      "resolved": "https://registry.npmjs.org/@scintilla-network/ciphers/-/ciphers-1.2.1.tgz",
      "integrity": "sha512-fX5auhgMi30vjL9lMfjz23iXzG3BiZImBSj0XFGrBlOEOOFShqgDigH3S0fCVaN+CziAzfuonzJdmJdAXhl7FA==",
      "license": "MIT",
      "dependencies": {
        "@noble/ciphers": "2.0.0"
      }
    },
    "node_modules/@scintilla-network/hashes": {
      "version": "1.3.1",
      "resolved": "https://registry.npmjs.org/@scintilla-network/hashes/-/hashes-1.3.1.tgz",
      "integrity": "sha512-svqf8SSNNNUkG1VfwFQocir/+prxdESAOjkwpsCZ8spu6LTDrx2gx/O3WTxtHpHpymwo5exwNESUUhmfmrnNrQ==",
      "license": "MIT",
      "dependencies": {
        "@noble/hashes": "2.0.0"
      }
    },
    "node_modules/@scintilla-network/hashes/node_modules/@noble/hashes": {
      "version": "2.0.0",
      "resolved": "https://registry.npmjs.org/@noble/hashes/-/hashes-2.0.0.tgz",
      "integrity": "sha512-h8VUBlE8R42+XIDO229cgisD287im3kdY6nbNZJFjc6ZvKIXPYXe6Vc/t+kyjFdMFyt5JpapzTsEg8n63w5/lw==",
      "license": "MIT",
      "engines": {
        "node": ">= 20.19.0"
      },
      "funding": {
        "url": "https://paulmillr.com/funding/"
      }
    },
    "node_modules/@scintilla-network/keys": {
      "version": "1.1.0",
      "resolved": "https://registry.npmjs.org/@scintilla-network/keys/-/keys-1.1.0.tgz",
      "integrity": "sha512-LCRGItoNpRVcwn6ro7CW6rS4cEkNUl/0y0yaracvwCZZK1pPlibMePhQToRQL9DcsKSIQBjtIkUK49szbGWAlA==",
      "license": "MIT",
      "dependencies": {
        "@scintilla-network/ciphers": "1.2.1",
        "@scintilla-network/hashes": "1.3.1",
        "@scintilla-network/mnemonic": "2.1.0",
        "@scintilla-network/signatures": "1.2.1"
      }
    },
    "node_modules/@scintilla-network/litest": {
      "version": "1.3.1",
      "resolved": "https://registry.npmjs.org/@scintilla-network/litest/-/litest-1.3.1.tgz",
      "integrity": "sha512-jxlFlXsvEGdJpgEQweWrcK4NgMmXdYamHUwdUBEG6WXouq6zapKrTQGWbIyBoiZtgE5dMXKImpv7hz+QLLb05w==",
      "cpu": [
        "x64",
        "arm64",
        "arm",
        "ia32"
      ],
      "dev": true,
      "license": "MIT",
      "os": [
        "darwin",
        "linux",
        "win32"
      ],
      "bin": {
        "litest": "src/runner.js"
      },
      "engines": {
        "node": ">=14.0.0"
      },
      "funding": {
        "type": "github",
        "url": "https://github.com/sponsors/Scintilla-Network"
      }
    },
    "node_modules/@scintilla-network/mnemonic": {
      "version": "2.1.0",
      "resolved": "https://registry.npmjs.org/@scintilla-network/mnemonic/-/mnemonic-2.1.0.tgz",
      "integrity": "sha512-eIc0M3jZD0RwMRGJe+txx2QBSsmb4bx08azEJaaJlbeVH+jBkcL1rUyhJ9QYZiU3NjNQF1+QonwEaEEd/KiVCA==",
      "license": "MIT",
      "dependencies": {
        "@scintilla-network/hashes": "1.3.1"
      }
    },
    "node_modules/@scintilla-network/signatures": {
      "version": "1.2.1",
      "resolved": "https://registry.npmjs.org/@scintilla-network/signatures/-/signatures-1.2.1.tgz",
      "integrity": "sha512-BppNApBTr4drb3lN9FV7LW05LIJ7Tm4/gB9ZstLLZt5/N0DRBLRkB74Yn/yOux2fA+vKT9TYZOmWSF0YCZhp4w==",
      "license": "MIT",
      "dependencies": {
        "@noble/curves": "2.0.0",
        "@noble/post-quantum": "0.5.1"
      },
      "engines": {
        "node": ">=18.0.0"
      }
    },
    "node_modules/@scintilla-network/signatures/node_modules/@noble/curves": {
      "version": "2.0.0",
      "resolved": "https://registry.npmjs.org/@noble/curves/-/curves-2.0.0.tgz",
      "integrity": "sha512-RiwZZeJnsTnhT+/gg2KvITJZhK5oagQrpZo+yQyd3mv3D5NAG2qEeEHpw7IkXRlpkoD45wl2o4ydHAvY9wyEfw==",
      "license": "MIT",
      "dependencies": {
        "@noble/hashes": "2.0.0"
      },
      "engines": {
        "node": ">= 20.19.0"
      },
      "funding": {
        "url": "https://paulmillr.com/funding/"
      }
    },
    "node_modules/@scintilla-network/signatures/node_modules/@noble/hashes": {
      "version": "2.0.0",
      "resolved": "https://registry.npmjs.org/@noble/hashes/-/hashes-2.0.0.tgz",
      "integrity": "sha512-h8VUBlE8R42+XIDO229cgisD287im3kdY6nbNZJFjc6ZvKIXPYXe6Vc/t+kyjFdMFyt5JpapzTsEg8n63w5/lw==",
      "license": "MIT",
      "engines": {
        "node": ">= 20.19.0"
      },
      "funding": {
        "url": "https://paulmillr.com/funding/"
      }
    }
  }
}
